{
  "version": 4,
  "terraform_version": "1.10.5",
  "serial": 100,
  "lineage": "592ee8c2-cfa7-42a6-b824-9b9a55ed13ef",
  "outputs": {},
  "resources": [
    {
      "mode": "managed",
      "type": "aws_cloudwatch_event_rule",
      "name": "lambda_schedule_rule",
      "provider": "provider[\"registry.terraform.io/hashicorp/aws\"]",
      "instances": [
        {
          "schema_version": 1,
          "attributes": {
            "arn": "arn:aws:events:us-east-1:314146310890:rule/lambda-daily-6am-ist",
            "description": "Trigger Lambda at 6 AM IST daily",
            "event_bus_name": "default",
            "event_pattern": null,
            "force_destroy": false,
            "id": "lambda-daily-6am-ist",
            "is_enabled": true,
            "name": "lambda-daily-6am-ist",
            "name_prefix": "",
            "role_arn": "",
            "schedule_expression": "cron(30 0 * * ? *)",
            "state": "ENABLED",
            "tags": {},
            "tags_all": {}
          },
          "sensitive_attributes": [],
          "private": "eyJzY2hlbWFfdmVyc2lvbiI6IjEifQ=="
        }
      ]
    },
    {
      "mode": "managed",
      "type": "aws_cloudwatch_event_target",
      "name": "trigger_lambda",
      "provider": "provider[\"registry.terraform.io/hashicorp/aws\"]",
      "instances": [
        {
          "schema_version": 1,
          "attributes": {
            "appsync_target": [],
            "arn": "arn:aws:lambda:us-east-1:314146310890:function:ingest-dataset",
            "batch_target": [],
            "dead_letter_config": [],
            "ecs_target": [],
            "event_bus_name": "default",
            "force_destroy": false,
            "http_target": [],
            "id": "lambda-daily-6am-ist-lambda",
            "input": "",
            "input_path": "",
            "input_transformer": [],
            "kinesis_target": [],
            "redshift_target": [],
            "retry_policy": [],
            "role_arn": "",
            "rule": "lambda-daily-6am-ist",
            "run_command_targets": [],
            "sagemaker_pipeline_target": [],
            "sqs_target": [],
            "target_id": "lambda"
          },
          "sensitive_attributes": [],
          "private": "eyJzY2hlbWFfdmVyc2lvbiI6IjEifQ==",
          "dependencies": [
            "aws_cloudwatch_event_rule.lambda_schedule_rule",
            "aws_iam_role.lambda_role",
            "aws_lambda_function.my_lambda_function",
            "aws_s3_bucket.my_s3_bucket"
          ]
        }
      ]
    },
    {
      "mode": "managed",
      "type": "aws_ecr_repository",
      "name": "my_ecr_repo",
      "provider": "provider[\"registry.terraform.io/hashicorp/aws\"]",
      "instances": [
        {
          "schema_version": 0,
          "attributes": {
            "arn": "arn:aws:ecr:us-east-1:314146310890:repository/lambda-ingestion",
            "encryption_configuration": [
              {
                "encryption_type": "AES256",
                "kms_key": ""
              }
            ],
            "force_delete": null,
            "id": "lambda-ingestion",
            "image_scanning_configuration": [
              {
                "scan_on_push": true
              }
            ],
            "image_tag_mutability": "MUTABLE",
            "name": "lambda-ingestion",
            "registry_id": "314146310890",
            "repository_url": "314146310890.dkr.ecr.us-east-1.amazonaws.com/lambda-ingestion",
            "tags": {
              "Environment": "dev",
              "Name": "lambda-ingestion"
            },
            "tags_all": {
              "Environment": "dev",
              "Name": "lambda-ingestion"
            },
            "timeouts": null
          },
          "sensitive_attributes": [],
          "private": "eyJlMmJmYjczMC1lY2FhLTExZTYtOGY4OC0zNDM2M2JjN2M0YzAiOnsiZGVsZXRlIjoxMjAwMDAwMDAwMDAwfX0="
        }
      ]
    },
    {
      "mode": "managed",
      "type": "aws_iam_policy",
      "name": "lambda_policy",
      "provider": "provider[\"registry.terraform.io/hashicorp/aws\"]",
      "instances": [
        {
          "schema_version": 0,
          "attributes": {
            "arn": "arn:aws:iam::314146310890:policy/Lambda_KaggleHub_S3_Policy",
            "attachment_count": 1,
            "description": "Policy for Lambda to access Secrets Manager, S3, and CloudWatch Logs",
            "id": "arn:aws:iam::314146310890:policy/Lambda_KaggleHub_S3_Policy",
            "name": "Lambda_KaggleHub_S3_Policy",
            "name_prefix": "",
            "path": "/",
            "policy": "{\"Statement\":[{\"Action\":\"secretsmanager:GetSecretValue\",\"Effect\":\"Allow\",\"Resource\":\"arn:aws:secretsmanager:us-east-1:314146310890:secret:my_kaggle_key-cOdud8\"},{\"Action\":[\"s3:PutObject\"],\"Effect\":\"Allow\",\"Resource\":\"arn:aws:s3:::de-zoomcamp-2025-kaggle-dataset-storage/*\"},{\"Action\":[\"logs:CreateLogGroup\",\"logs:CreateLogStream\",\"logs:PutLogEvents\"],\"Effect\":\"Allow\",\"Resource\":\"*\"}],\"Version\":\"2012-10-17\"}",
            "policy_id": "ANPAUSJEUJLVFA6CPUFU3",
            "tags": {},
            "tags_all": {}
          },
          "sensitive_attributes": [],
          "private": "bnVsbA==",
          "dependencies": [
            "aws_s3_bucket.my_s3_bucket"
          ]
        }
      ]
    },
    {
      "mode": "managed",
      "type": "aws_iam_policy",
      "name": "snowflake_s3_policy",
      "provider": "provider[\"registry.terraform.io/hashicorp/aws\"]",
      "instances": [
        {
          "schema_version": 0,
          "attributes": {
            "arn": "arn:aws:iam::314146310890:policy/snowflake-s3-policy",
            "attachment_count": 1,
            "description": "Policy for Snowflake to access S3, SQS, and publish to SNS",
            "id": "arn:aws:iam::314146310890:policy/snowflake-s3-policy",
            "name": "snowflake-s3-policy",
            "name_prefix": "",
            "path": "/",
            "policy": "{\"Statement\":[{\"Action\":[\"s3:GetObject\",\"s3:ListBucket\"],\"Effect\":\"Allow\",\"Resource\":[\"arn:aws:s3:::de-zoomcamp-2025-kaggle-dataset-storage\",\"arn:aws:s3:::de-zoomcamp-2025-kaggle-dataset-storage/global-weather-repository/*\"]}],\"Version\":\"2012-10-17\"}",
            "policy_id": "ANPAUSJEUJLVHBIXM2NXT",
            "tags": {},
            "tags_all": {}
          },
          "sensitive_attributes": [],
          "private": "bnVsbA==",
          "dependencies": [
            "aws_s3_bucket.my_s3_bucket"
          ]
        }
      ]
    },
    {
      "mode": "managed",
      "type": "aws_iam_role",
      "name": "lambda_role",
      "provider": "provider[\"registry.terraform.io/hashicorp/aws\"]",
      "instances": [
        {
          "schema_version": 0,
          "attributes": {
            "arn": "arn:aws:iam::314146310890:role/Lambda_de-zoomcamp-2025-kaggle-dataset-storage_Role",
            "assume_role_policy": "{\"Statement\":[{\"Action\":\"sts:AssumeRole\",\"Effect\":\"Allow\",\"Principal\":{\"Service\":\"lambda.amazonaws.com\"}}],\"Version\":\"2012-10-17\"}",
            "create_date": "2025-04-05T07:20:43Z",
            "description": "",
            "force_detach_policies": false,
            "id": "Lambda_de-zoomcamp-2025-kaggle-dataset-storage_Role",
            "inline_policy": [],
            "managed_policy_arns": [
              "arn:aws:iam::314146310890:policy/Lambda_KaggleHub_S3_Policy"
            ],
            "max_session_duration": 3600,
            "name": "Lambda_de-zoomcamp-2025-kaggle-dataset-storage_Role",
            "name_prefix": "",
            "path": "/",
            "permissions_boundary": "",
            "tags": {},
            "tags_all": {},
            "unique_id": "AROAUSJEUJLVFGR4ROATP"
          },
          "sensitive_attributes": [],
          "private": "bnVsbA==",
          "dependencies": [
            "aws_s3_bucket.my_s3_bucket"
          ]
        }
      ]
    },
    {
      "mode": "managed",
      "type": "aws_iam_role",
      "name": "snowflake_role",
      "provider": "provider[\"registry.terraform.io/hashicorp/aws\"]",
      "instances": [
        {
          "schema_version": 0,
          "attributes": {
            "arn": "arn:aws:iam::314146310890:role/snowflake_s3_access_role",
            "assume_role_policy": "{\"Statement\":[{\"Action\":\"sts:AssumeRole\",\"Condition\":{\"StringEquals\":{\"sts:ExternalId\":\"RXB66470_SFCRole=61_7HOGI2BFmRTtbri+9jPGnn8fJCM=\"}},\"Effect\":\"Allow\",\"Principal\":{\"AWS\":\"arn:aws:iam::118006903233:user/zqry0000-s\"}}],\"Version\":\"2012-10-17\"}",
            "create_date": "2025-04-13T16:02:28Z",
            "description": "",
            "force_detach_policies": false,
            "id": "snowflake_s3_access_role",
            "inline_policy": [],
            "managed_policy_arns": [
              "arn:aws:iam::314146310890:policy/snowflake-s3-policy"
            ],
            "max_session_duration": 3600,
            "name": "snowflake_s3_access_role",
            "name_prefix": "",
            "path": "/",
            "permissions_boundary": "",
            "tags": {},
            "tags_all": {},
            "unique_id": "AROAUSJEUJLVCDVYRXDM3"
          },
          "sensitive_attributes": [],
          "private": "bnVsbA=="
        }
      ]
    },
    {
      "mode": "managed",
      "type": "aws_iam_role_policy_attachment",
      "name": "attach_policy",
      "provider": "provider[\"registry.terraform.io/hashicorp/aws\"]",
      "instances": [
        {
          "schema_version": 0,
          "attributes": {
            "id": "snowflake_s3_access_role-20250414090355469200000002",
            "policy_arn": "arn:aws:iam::314146310890:policy/snowflake-s3-policy",
            "role": "snowflake_s3_access_role"
          },
          "sensitive_attributes": [],
          "private": "bnVsbA==",
          "dependencies": [
            "aws_iam_policy.snowflake_s3_policy",
            "aws_iam_role.snowflake_role",
            "aws_s3_bucket.my_s3_bucket"
          ]
        }
      ]
    },
    {
      "mode": "managed",
      "type": "aws_iam_role_policy_attachment",
      "name": "lambda_policy_attach",
      "provider": "provider[\"registry.terraform.io/hashicorp/aws\"]",
      "instances": [
        {
          "schema_version": 0,
          "attributes": {
            "id": "Lambda_de-zoomcamp-2025-kaggle-dataset-storage_Role-20250405072044974700000001",
            "policy_arn": "arn:aws:iam::314146310890:policy/Lambda_KaggleHub_S3_Policy",
            "role": "Lambda_de-zoomcamp-2025-kaggle-dataset-storage_Role"
          },
          "sensitive_attributes": [],
          "private": "bnVsbA==",
          "dependencies": [
            "aws_iam_policy.lambda_policy",
            "aws_iam_role.lambda_role",
            "aws_s3_bucket.my_s3_bucket"
          ]
        }
      ]
    },
    {
      "mode": "managed",
      "type": "aws_lambda_function",
      "name": "my_lambda_function",
      "provider": "provider[\"registry.terraform.io/hashicorp/aws\"]",
      "instances": [
        {
          "schema_version": 0,
          "attributes": {
            "architectures": [
              "x86_64"
            ],
            "arn": "arn:aws:lambda:us-east-1:314146310890:function:ingest-dataset",
            "code_sha256": "120f16becd9b33fe53600aadd6f458e40131e0fb646f061c166f1a70ff4449dd",
            "code_signing_config_arn": "",
            "dead_letter_config": [],
            "description": "Ingest dataset from Kaggle to S3",
            "environment": [
              {
                "variables": {
                  "S3_BUCKET_NAME": "de-zoomcamp-2025-kaggle-dataset-storage"
                }
              }
            ],
            "ephemeral_storage": [
              {
                "size": 512
              }
            ],
            "file_system_config": [],
            "filename": null,
            "function_name": "ingest-dataset",
            "handler": "",
            "id": "ingest-dataset",
            "image_config": [],
            "image_uri": "314146310890.dkr.ecr.us-east-1.amazonaws.com/lambda-ingestion:latest",
            "invoke_arn": "arn:aws:apigateway:us-east-1:lambda:path/2015-03-31/functions/arn:aws:lambda:us-east-1:314146310890:function:ingest-dataset/invocations",
            "kms_key_arn": "",
            "last_modified": "2025-04-18T06:49:36.231+0000",
            "layers": null,
            "logging_config": [
              {
                "application_log_level": "",
                "log_format": "Text",
                "log_group": "/aws/lambda/ingest-dataset",
                "system_log_level": ""
              }
            ],
            "memory_size": 3008,
            "package_type": "Image",
            "publish": false,
            "qualified_arn": "arn:aws:lambda:us-east-1:314146310890:function:ingest-dataset:$LATEST",
            "qualified_invoke_arn": "arn:aws:apigateway:us-east-1:lambda:path/2015-03-31/functions/arn:aws:lambda:us-east-1:314146310890:function:ingest-dataset:$LATEST/invocations",
            "replace_security_groups_on_destroy": null,
            "replacement_security_group_ids": null,
            "reserved_concurrent_executions": -1,
            "role": "arn:aws:iam::314146310890:role/Lambda_de-zoomcamp-2025-kaggle-dataset-storage_Role",
            "runtime": "",
            "s3_bucket": null,
            "s3_key": null,
            "s3_object_version": null,
            "signing_job_arn": "",
            "signing_profile_version_arn": "",
            "skip_destroy": false,
            "snap_start": [],
            "source_code_hash": "",
            "source_code_size": 0,
            "tags": {
              "Environment": "dev",
              "Name": "ingest-dataset"
            },
            "tags_all": {
              "Environment": "dev",
              "Name": "ingest-dataset"
            },
            "timeout": 3,
            "timeouts": null,
            "tracing_config": [
              {
                "mode": "PassThrough"
              }
            ],
            "version": "$LATEST",
            "vpc_config": []
          },
          "sensitive_attributes": [],
          "private": "eyJlMmJmYjczMC1lY2FhLTExZTYtOGY4OC0zNDM2M2JjN2M0YzAiOnsiY3JlYXRlIjo2MDAwMDAwMDAwMDAsImRlbGV0ZSI6NjAwMDAwMDAwMDAwLCJ1cGRhdGUiOjYwMDAwMDAwMDAwMH19",
          "dependencies": [
            "aws_iam_role.lambda_role",
            "aws_s3_bucket.my_s3_bucket"
          ]
        }
      ]
    },
    {
      "mode": "managed",
      "type": "aws_lambda_permission",
      "name": "allow_eventbridge",
      "provider": "provider[\"registry.terraform.io/hashicorp/aws\"]",
      "instances": [
        {
          "schema_version": 0,
          "attributes": {
            "action": "lambda:InvokeFunction",
            "event_source_token": null,
            "function_name": "ingest-dataset",
            "function_url_auth_type": null,
            "id": "AllowExecutionFromEventBridge",
            "principal": "events.amazonaws.com",
            "principal_org_id": null,
            "qualifier": "",
            "source_account": null,
            "source_arn": "arn:aws:events:us-east-1:314146310890:rule/lambda-daily-6am-ist",
            "statement_id": "AllowExecutionFromEventBridge",
            "statement_id_prefix": ""
          },
          "sensitive_attributes": [],
          "private": "bnVsbA==",
          "dependencies": [
            "aws_cloudwatch_event_rule.lambda_schedule_rule",
            "aws_iam_role.lambda_role",
            "aws_lambda_function.my_lambda_function",
            "aws_s3_bucket.my_s3_bucket"
          ]
        }
      ]
    },
    {
      "mode": "managed",
      "type": "aws_s3_bucket",
      "name": "my_s3_bucket",
      "provider": "provider[\"registry.terraform.io/hashicorp/aws\"]",
      "instances": [
        {
          "schema_version": 0,
          "attributes": {
            "acceleration_status": "",
            "acl": null,
            "arn": "arn:aws:s3:::de-zoomcamp-2025-kaggle-dataset-storage",
            "bucket": "de-zoomcamp-2025-kaggle-dataset-storage",
            "bucket_domain_name": "de-zoomcamp-2025-kaggle-dataset-storage.s3.amazonaws.com",
            "bucket_prefix": "",
            "bucket_regional_domain_name": "de-zoomcamp-2025-kaggle-dataset-storage.s3.us-east-1.amazonaws.com",
            "cors_rule": [],
            "force_destroy": false,
            "grant": [
              {
                "id": "0065d39a90b0e9deb0ccd4b8974b05a522bdf4c26f56f9f0c0974609ddfa70d8",
                "permissions": [
                  "FULL_CONTROL"
                ],
                "type": "CanonicalUser",
                "uri": ""
              }
            ],
            "hosted_zone_id": "Z3AQBSTGFYJSTF",
            "id": "de-zoomcamp-2025-kaggle-dataset-storage",
            "lifecycle_rule": [],
            "logging": [],
            "object_lock_configuration": [],
            "object_lock_enabled": false,
            "policy": "",
            "region": "us-east-1",
            "replication_configuration": [],
            "request_payer": "BucketOwner",
            "server_side_encryption_configuration": [
              {
                "rule": [
                  {
                    "apply_server_side_encryption_by_default": [
                      {
                        "kms_master_key_id": "",
                        "sse_algorithm": "AES256"
                      }
                    ],
                    "bucket_key_enabled": false
                  }
                ]
              }
            ],
            "tags": {
              "Environment": "dev",
              "Name": "de-zoomcamp-2025-kaggle-dataset-storage"
            },
            "tags_all": {
              "Environment": "dev",
              "Name": "de-zoomcamp-2025-kaggle-dataset-storage"
            },
            "timeouts": null,
            "versioning": [
              {
                "enabled": false,
                "mfa_delete": false
              }
            ],
            "website": [],
            "website_domain": null,
            "website_endpoint": null
          },
          "sensitive_attributes": [],
          "private": "eyJlMmJmYjczMC1lY2FhLTExZTYtOGY4OC0zNDM2M2JjN2M0YzAiOnsiY3JlYXRlIjoxMjAwMDAwMDAwMDAwLCJkZWxldGUiOjM2MDAwMDAwMDAwMDAsInJlYWQiOjEyMDAwMDAwMDAwMDAsInVwZGF0ZSI6MTIwMDAwMDAwMDAwMH19"
        }
      ]
    },
    {
      "mode": "managed",
      "type": "aws_s3_bucket_notification",
      "name": "weather_dataset_notification",
      "provider": "provider[\"registry.terraform.io/hashicorp/aws\"]",
      "instances": [
        {
          "schema_version": 0,
          "attributes": {
            "bucket": "de-zoomcamp-2025-kaggle-dataset-storage",
            "eventbridge": false,
            "id": "de-zoomcamp-2025-kaggle-dataset-storage",
            "lambda_function": [],
            "queue": [
              {
                "events": [
                  "s3:ObjectCreated:*"
                ],
                "filter_prefix": "global-weather-repository/",
                "filter_suffix": ".csv",
                "id": "tf-s3-queue-20250414113020819900000001",
                "queue_arn": "arn:aws:sqs:us-east-1:118006903233:sf-snowpipe-AIDARW6OCOHA7YUXDCSAW-DjjX4GJuviYfjxq6PalO0A"
              }
            ],
            "topic": []
          },
          "sensitive_attributes": [],
          "private": "bnVsbA==",
          "dependencies": [
            "aws_s3_bucket.my_s3_bucket"
          ]
        }
      ]
    }
  ],
  "check_results": null
}
